// !$*UTF8*$!
{
	archiveVersion = 1;
	classes = {
	};
	objectVersion = 50;
	objects = {

/* Begin PBXBuildFile section */
		7D49728A25130AA800727B19 /* AppDelegate.swift in Sources */ = {isa = PBXBuildFile; fileRef = 7D49728925130AA800727B19 /* AppDelegate.swift */; };
		7D49728C25130AA800727B19 /* SceneDelegate.swift in Sources */ = {isa = PBXBuildFile; fileRef = 7D49728B25130AA800727B19 /* SceneDelegate.swift */; };
		7D49728E25130AA800727B19 /* ViewController.swift in Sources */ = {isa = PBXBuildFile; fileRef = 7D49728D25130AA800727B19 /* ViewController.swift */; };
		7D49729125130AA800727B19 /* Main.storyboard in Resources */ = {isa = PBXBuildFile; fileRef = 7D49728F25130AA800727B19 /* Main.storyboard */; };
		7D49729325130AAA00727B19 /* Assets.xcassets in Resources */ = {isa = PBXBuildFile; fileRef = 7D49729225130AAA00727B19 /* Assets.xcassets */; };
		7D49729625130AAA00727B19 /* LaunchScreen.storyboard in Resources */ = {isa = PBXBuildFile; fileRef = 7D49729425130AAA00727B19 /* LaunchScreen.storyboard */; };
		7D4972A4251341B700727B19 /* UIAlertExtension.swift in Sources */ = {isa = PBXBuildFile; fileRef = 7D4972A3251341B700727B19 /* UIAlertExtension.swift */; };
/* End PBXBuildFile section */

/* Begin PBXFileReference section */
		7D49728625130AA800727B19 /* Swift-UIAlertController.app */ = {isa = PBXFileReference; explicitFileType = wrapper.application; includeInIndex = 0; path = "Swift-UIAlertController.app"; sourceTree = BUILT_PRODUCTS_DIR; };
		7D49728925130AA800727B19 /* AppDelegate.swift */ = {isa = PBXFileReference; lastKnownFileType = sourcecode.swift; path = AppDelegate.swift; sourceTree = "<group>"; };
		7D49728B25130AA800727B19 /* SceneDelegate.swift */ = {isa = PBXFileReference; lastKnownFileType = sourcecode.swift; path = SceneDelegate.swift; sourceTree = "<group>"; };
		7D49728D25130AA800727B19 /* ViewController.swift */ = {isa = PBXFileReference; lastKnownFileType = sourcecode.swift; path = ViewController.swift; sourceTree = "<group>"; };
		7D49729025130AA800727B19 /* Base */ = {isa = PBXFileReference; lastKnownFileType = file.storyboard; name = Base; path = Base.lproj/Main.storyboard; sourceTree = "<group>"; };
		7D49729225130AAA00727B19 /* Assets.xcassets */ = {isa = PBXFileReference; lastKnownFileType = folder.assetcatalog; path = Assets.xcassets; sourceTree = "<group>"; };
		7D49729525130AAA00727B19 /* Base */ = {isa = PBXFileReference; lastKnownFileType = file.storyboard; name = Base; path = Base.lproj/LaunchScreen.storyboard; sourceTree = "<group>"; };
		7D49729725130AAA00727B19 /* Info.plist */ = {isa = PBXFileReference; lastKnownFileType = text.plist.xml; path = Info.plist; sourceTree = "<group>"; };
		7D4972A3251341B700727B19 /* UIAlertExtension.swift */ = {isa = PBXFileReference; lastKnownFileType = sourcecode.swift; path = UIAlertExtension.swift; sourceTree = "<group>"; };
/* End PBXFileReference section */

/* Begin PBXFrameworksBuildPhase section */
		7D49728325130AA800727B19 /* Frameworks */ = {
			isa = PBXFrameworksBuildPhase;
			buildActionMask = 2147483647;
			files = (
			);
			runOnlyForDeploymentPostprocessing = 0;
		};
/* End PBXFrameworksBuildPhase section */

/* Begin PBXGroup section */
		7D49727D25130AA800727B19 = {
			isa = PBXGroup;
			children = (
				7D49728825130AA800727B19 /* Swift-UIAlertController */,
				7D49728725130AA800727B19 /* Products */,
			);
			sourceTree = "<group>";
		};
		7D49728725130AA800727B19 /* Products */ = {
			isa = PBXGroup;
			children = (
				7D49728625130AA800727B19 /* Swift-UIAlertController.app */,
			);
			name = Products;
			sourceTree = "<group>";
		};
		7D49728825130AA800727B19 /* Swift-UIAlertController */ = {
			isa = PBXGroup;
			children = (
				7D49728925130AA800727B19 /* AppDelegate.swift */,
				7D49728B25130AA800727B19 /* SceneDelegate.swift */,
				7D49728D25130AA800727B19 /* ViewController.swift */,
				7D4972A3251341B700727B19 /* UIAlertExtension.swift */,
				7D49728F25130AA800727B19 /* Main.storyboard */,
				7D49729225130AAA00727B19 /* Assets.xcassets */,
				7D49729425130AAA00727B19 /* LaunchScreen.storyboard */,
				7D49729725130AAA00727B19 /* Info.plist */,
			);
			path = "Swift-UIAlertController";
			sourceTree = "<group>";
		};
/* End PBXGroup section */

/* Begin PBXNativeTarget section */
		7D49728525130AA800727B19 /* Swift-UIAlertController */ = {
			isa = PBXNativeTarget;
			buildConfigurationList = 7D49729A25130AAA00727B19 /* Build configuration list for PBXNativeTarget "Swift-UIAlertController" */;
			buildPhases = (
				7D49728225130AA800727B19 /* Sources */,
				7D49728325130AA800727B19 /* Frameworks */,
				7D49728425130AA800727B19 /* Resources */,
			);
			buildRules = (
			);
			dependencies = (
			);
			name = "Swift-UIAlertController";
			productName = "Swift-UIAlertController";
			productReference = 7D49728625130AA800727B19 /* Swift-UIAlertController.app */;
			productType = "com.apple.product-type.application";
		};
/* End PBXNativeTarget section */

/* Begin PBXProject section */
		7D49727E25130AA800727B19 /* Project object */ = {
			isa = PBXProject;
			attributes = {
				LastSwiftUpdateCheck = 1170;
				LastUpgradeCheck = 1170;
				ORGANIZATIONNAME = stYiwe;
				TargetAttributes = {
					7D49728525130AA800727B19 = {
						CreatedOnToolsVersion = 11.7;
					};
				};
			};
			buildConfigurationList = 7D49728125130AA800727B19 /* Build configuration list for PBXProject "Swift-UIAlertController" */;
			compatibilityVersion = "Xcode 9.3";
			developmentRegion = en;
			hasScannedForEncodings = 0;
			knownRegions = (
				en,
				Base,
			);
			mainGroup = 7D49727D25130AA800727B19;
			productRefGroup = 7D49728725130AA800727B19 /* Products */;
			projectDirPath = "";
			projectRoot = "";
			targets = (
				7D49728525130AA800727B19 /* Swift-UIAlertController */,
			);
		};
/* End PBXProject section */

/* Begin PBXResourcesBuildPhase section */
		7D49728425130AA800727B19 /* Resources */ = {
			isa = PBXResourcesBuildPhase;
			buildActionMask = 2147483647;
			files = (
				7D49729625130AAA00727B19 /* LaunchScreen.storyboard in Resources */,
				7D49729325130AAA00727B19 /* Assets.xcassets in Resources */,
				7D49729125130AA800727B19 /* Main.storyboard in Resources */,
			);
			runOnlyForDeploymentPostprocessing = 0;
		};
/* End PBXResourcesBuildPhase section */

/* Begin PBXSourcesBuildPhase section */
		7D49728225130AA800727B19 /* Sources */ = {
			isa = PBXSourcesBuildPhase;
			buildActionMask = 2147483647;
			files = (
				7D4972A4251341B700727B19 /* UIAlertExtension.swift in Sources */,
				7D49728E25130AA800727B19 /* ViewController.swift in Sources */,
				7D49728A25130AA800727B19 /* AppDelegate.swift in Sources */,
				7D49728C25130AA800727B19 /* SceneDelegate.swift in Sources */,
			);
			runOnlyForDeploymentPostprocessing = 0;
		};
/* End PBXSourcesBuildPhase section */

/* Begin PBXVariantGroup section */
		7D49728F25130AA800727B19 /* Main.storyboard */ = {
			isa = PBXVariantGroup;
			children = (
				7D49729025130AA800727B19 /* Base */,
			);
			name = Main.storyboard;
			sourceTree = "<group>";
		};
		7D49729425130AAA00727B19 /* LaunchScreen.storyboard */ = {
			isa = PBXVariantGroup;
			children = (
				7D49729525130AAA00727B19 /* Base */,
			);
			name = LaunchScreen.storyboard;
			sourceTree = "<group>";
		};
/* End PBXVariantGroup section */

/* Begin XCBuildConfiguration section */
		7D49729825130AAA00727B19 /* Debug */ = {
			isa = XCBuildConfiguration;
			buildSettings = {
				ALWAYS_SEARCH_USER_PATHS = NO;
				CLANG_ANALYZER_NONNULL = YES;
				CLANG_ANALYZER_NUMBER_OBJECT_CONVERSION = YES_AGGRESSIVE;
				CLANG_CXX_LANGUAGE_STANDARD = "gnu++14";
				CLANG_CXX_LIBRARY = "libc++";
				CLANG_ENABLE_MODULES = YES;
				CLANG_ENABLE_OBJC_ARC = YES;
				CLANG_ENABLE_OBJC_WEAK = YES;
				CLANG_WARN_BLOCK_CAPTURE_AUTORELEASING = YES;
				CLANG_WARN_BOOL_CONVERSION = YES;
				CLANG_WARN_COMMA = YES;
				CLANG_WARN_CONSTANT_CONVERSION = YES;
				CLANG_WARN_DEPRECATED_OBJC_IMPLEMENTATIONS = YES;
				CLANG_WARN_DIRECT_OBJC_ISA_USAGE = YES_ERROR;
				CLANG_WARN_DOCUMENTATION_COMMENTS = YES;
				CLANG_WARN_EMPTY_BODY = YES;
				CLANG_WARN_ENUM_CONVERSION = YES;
				CLANG_WARN_INFINITE_RECURSION = YES;
				CLANG_WARN_INT_CONVERSION = YES;
				CLANG_WARN_NON_LITERAL_NULL_CONVERSION = YES;
				CLANG_WARN_OBJC_IMPLICIT_RETAIN_SELF = YES;
				CLANG_WARN_OBJC_LITERAL_CONVERSION = YES;
				CLANG_WARN_OBJC_ROOT_CLASS = YES_ERROR;
				CLANG_WARN_RANGE_LOOP_ANALYSIS = YES;
				CLANG_WARN_STRICT_PROTOTYPES = YES;
				CLANG_WARN_SUSPICIOUS_MOVE = YES;
				CLANG_WARN_UNGUARDED_AVAILABILITY = YES_AGGRESSIVE;
				CLANG_WARN_UNREACHABLE_CODE = YES;
				CLANG_WARN__DUPLICATE_METHOD_MATCH = YES;
				COPY_PHASE_STRIP = NO;
				DEBUG_INFORMATION_FORMAT = dwarf;
				ENABLE_STRICT_OBJC_MSGSEND = YES;
				ENABLE_TESTABILITY = YES;
				GCC_C_LANGUAGE_STANDARD = gnu11;
				GCC_DYNAMIC_NO_PIC = NO;
				GCC_NO_COMMON_BLOCKS = YES;
				GCC_OPTIMIZATION_LEVEL = 0;
				GCC_PREPROCESSOR_DEFINITIONS = (
					"DEBUG=1",
					"$(inherited)",
				);
				GCC_WARN_64_TO_32_BIT_CONVERSION = YES;
				GCC_WARN_ABOUT_RETURN_TYPE = YES_ERROR;
				GCC_WARN_UNDECLARED_SELECTOR = YES;
				GCC_WARN_UNINITIALIZED_AUTOS = YES_AGGRESSIVE;
				GCC_WARN_UNUSED_FUNCTION = YES;
				GCC_WARN_UNUSED_VARIABLE = YES;
				IPHONEOS_DEPLOYMENT_TARGET = 13.7;
				MTL_ENABLE_DEBUG_INFO = INCLUDE_SOURCE;
				MTL_FAST_MATH = YES;
				ONLY_ACTIVE_ARCH = YES;
				SDKROOT = iphoneos;
				SWIFT_ACTIVE_COMPILATION_CONDITIONS = DEBUG;
				SWIFT_OPTIMIZATION_LEVEL = "-Onone";
			};
			name = Debug;
		};
		7D49729925130AAA00727B19 /* Release */ = {
			isa = XCBuildConfiguration;
			buildSettings = {
				ALWAYS_SEARCH_USER_PATHS = NO;
				CLANG_ANALYZER_NONNULL = YES;
				CLANG_ANALYZER_NUMBER_OBJECT_CONVERSION = YES_AGGRESSIVE;
				CLANG_CXX_LANGUAGE_STANDARD = "gnu++14";
				CLANG_CXX_LIBRARY = "libc++";
				CLANG_ENABLE_MODULES = YES;
				CLANG_ENABLE_OBJC_ARC = YES;
				CLANG_ENABLE_OBJC_WEAK = YES;
				CLANG_WARN_BLOCK_CAPTURE_AUTORELEASING = YES;
				CLANG_WARN_BOOL_CONVERSION = YES;
				CLANG_WARN_COMMA = YES;
				CLANG_WARN_CONSTANT_CONVERSION = YES;
				CLANG_WARN_DEPRECATED_OBJC_IMPLEMENTATIONS = YES;
				CLANG_WARN_DIRECT_OBJC_ISA_USAGE = YES_ERROR;
				CLANG_WARN_DOCUMENTATION_COMMENTS = YES;
				CLANG_WARN_EMPTY_BODY = YES;
				CLANG_WARN_ENUM_CONVERSION = YES;
				CLANG_WARN_INFINITE_RECURSION = YES;
				CLANG_WARN_INT_CONVERSION = YES;
				CLANG_WARN_NON_LITERAL_NULL_CONVERSION = YES;
				CLANG_WARN_OBJC_IMPLICIT_RETAIN_SELF = YES;
				CLANG_WARN_OBJC_LITERAL_CONVERSION = YES;
				CLANG_WARN_OBJC_ROOT_CLASS = YES_ERROR;
				CLANG_WARN_RANGE_LOOP_ANALYSIS = YES;
				CLANG_WARN_STRICT_PROTOTYPES = YES;
				CLANG_WARN_SUSPICIOUS_MOVE = YES;
				CLANG_WARN_UNGUARDED_AVAILABILITY = YES_AGGRESSIVE;
				CLANG_WARN_UNREACHABLE_CODE = YES;
				CLANG_WARN__DUPLICATE_METHOD_MATCH = YES;
				COPY_PHASE_STRIP = NO;
				DEBUG_INFORMATION_FORMAT = "dwarf-with-dsym";
				ENABLE_NS_ASSERTIONS = NO;
				ENABLE_STRICT_OBJC_MSGSEND = YES;
				GCC_C_LANGUAGE_STANDARD = gnu11;
				GCC_NO_COMMON_BLOCKS = YES;
				GCC_WARN_64_TO_32_BIT_CONVERSION = YES;
				GCC_WARN_ABOUT_RETURN_TYPE = YES_ERROR;
				GCC_WARN_UNDECLARED_SELECTOR = YES;
				GCC_WARN_UNINITIALIZED_AUTOS = YES_AGGRESSIVE;
				GCC_WARN_UNUSED_FUNCTION = YES;
				GCC_WARN_UNUSED_VARIABLE = YES;
				IPHONEOS_DEPLOYMENT_TARGET = 13.7;
				MTL_ENABLE_DEBUG_INFO = NO;
				MTL_FAST_MATH = YES;
				SDKROOT = iphoneos;
				SWIFT_COMPILATION_MODE = wholemodule;
				SWIFT_OPTIMIZATION_LEVEL = "-O";
				VALIDATE_PRODUCT = YES;
			};
			name = Release;
		};
		7D49729B25130AAA00727B19 /* Debug */ = {
			isa = XCBuildConfiguration;
			buildSettings = {
				ASSETCATALOG_COMPILER_APPICON_NAME = AppIcon;
				CODE_SIGN_STYLE = Automatic;
				INFOPLIST_FILE = "Swift-UIAlertController/Info.plist";
				LD_RUNPATH_SEARCH_PATHS = (
					"$(inherited)",
					"@executable_path/Frameworks",
				);
				PRODUCT_BUNDLE_IDENTIFIER = "com.stYiwe.Swift-UIAlertController";
				PRODUCT_NAME = "$(TARGET_NAME)";
				SWIFT_VERSION = 5.0;
				TARGETED_DEVICE_FAMILY = "1,2";
			};
			name = Debug;
		};
		7D49729C25130AAA00727B19 /* Release */ = {
			isa = XCBuildConfiguration;
			buildSettings = {
				ASSETCATALOG_COMPILER_APPICON_NAME = AppIcon;
				CODE_SIGN_STYLE = Automatic;
				INFOPLIST_FILE = "Swift-UIAlertController/Info.plist";
				LD_RUNPATH_SEARCH_PATHS = (
					"$(inherited)",
					"@executable_path/Frameworks",
				);
				PRODUCT_BUNDLE_IDENTIFIER = "com.stYiwe.Swift-UIAlertController";
				PRODUCT_NAME = "$(TARGET_NAME)";
				SWIFT_VERSION = 5.0;
				TARGETED_DEVICE_FAMILY = "1,2";
			};
			name = Release;
		};
/* End XCBuildConfiguration section */

/* Begin XCConfigurationList section */
		7D49728125130AA800727B19 /* Build configuration list for PBXProject "Swift-UIAlertController" */ = {
			isa = XCConfigurationList;
			buildConfigurations = (
				7D49729825130AAA00727B19 /* Debug */,
				7D49729925130AAA00727B19 /* Release */,
			);
			defaultConfigurationIsVisible = 0;
			defaultConfigurationName = Release;
		};
		7D49729A25130AAA00727B19 /* Build configuration list for PBXNativeTarget "Swift-UIAlertController" */ = {
			isa = XCConfigurationList;
			buildConfigurations = (
				7D49729B25130AAA00727B19 /* Debug */,
				7D49729C25130AAA00727B19 /* Release */,
			);
			defaultConfigurationIsVisible = 0;
			defaultConfigurationName = Release;
		};
/* End XCConfigurationList section */
	};
	rootObject = 7D49727E25130AA800727B19 /* Project object */;
}
